
Microsoft Visual Studio Solution File, Format Version 12.00
# Visual Studio 14
VisualStudioVersion = 14.0.25420.1
MinimumVisualStudioVersion = 10.0.40219.1
Project("{FAE04EC0-301F-11D3-BF4B-00C04F79EFBC}") = "Giffy", "Giffy\Giffy\Giffy.csproj", "{FA780731-A9D4-4737-9970-8E5AD95F833B}"
EndProject
Project("{FAE04EC0-301F-11D3-BF4B-00C04F79EFBC}") = "Giffy.Droid", "Giffy\Giffy.Droid\Giffy.Droid.csproj", "{2E8F9DE5-6636-4FAA-BA00-687327892B4C}"
EndProject
Project("{FAE04EC0-301F-11D3-BF4B-00C04F79EFBC}") = "Giffy.iOS", "Giffy\Giffy.iOS\Giffy.iOS.csproj", "{B9B6570A-756F-4880-996F-FAD65D057F71}"
EndProject
Project("{FAE04EC0-301F-11D3-BF4B-00C04F79EFBC}") = "Giffy.Infrastructure", "Giffy.Infrastructure\Giffy.Infrastructure\Giffy.Infrastructure.csproj", "{18F209D0-0714-4B25-942E-793AB90F33AD}"
EndProject
Project("{FAE04EC0-301F-11D3-BF4B-00C04F79EFBC}") = "Giffy.Service", "Giffy.Service\Giffy.Service\Giffy.Service.csproj", "{ED4A9672-4C71-4C9C-A17D-9F4C3144639F}"
EndProject
Global
	GlobalSection(SolutionConfigurationPlatforms) = preSolution
		Ad-Hoc|Any CPU = Ad-Hoc|Any CPU
		Ad-Hoc|ARM = Ad-Hoc|ARM
		Ad-Hoc|iPhone = Ad-Hoc|iPhone
		Ad-Hoc|iPhoneSimulator = Ad-Hoc|iPhoneSimulator
		Ad-Hoc|x64 = Ad-Hoc|x64
		Ad-Hoc|x86 = Ad-Hoc|x86
		AppStore|Any CPU = AppStore|Any CPU
		AppStore|ARM = AppStore|ARM
		AppStore|iPhone = AppStore|iPhone
		AppStore|iPhoneSimulator = AppStore|iPhoneSimulator
		AppStore|x64 = AppStore|x64
		AppStore|x86 = AppStore|x86
		Debug|Any CPU = Debug|Any CPU
		Debug|ARM = Debug|ARM
		Debug|iPhone = Debug|iPhone
		Debug|iPhoneSimulator = Debug|iPhoneSimulator
		Debug|x64 = Debug|x64
		Debug|x86 = Debug|x86
		Release|Any CPU = Release|Any CPU
		Release|ARM = Release|ARM
		Release|iPhone = Release|iPhone
		Release|iPhoneSimulator = Release|iPhoneSimulator
		Release|x64 = Release|x64
		Release|x86 = Release|x86
	EndGlobalSection
	GlobalSection(ProjectConfigurationPlatforms) = postSolution
		{FA780731-A9D4-4737-9970-8E5AD95F833B}.Ad-Hoc|Any CPU.ActiveCfg = Release|Any CPU
		{FA780731-A9D4-4737-9970-8E5AD95F833B}.Ad-Hoc|Any CPU.Build.0 = Release|Any CPU
		{FA780731-A9D4-4737-9970-8E5AD95F833B}.Ad-Hoc|ARM.ActiveCfg = Release|Any CPU
		{FA780731-A9D4-4737-9970-8E5AD95F833B}.Ad-Hoc|ARM.Build.0 = Release|Any CPU
		{FA780731-A9D4-4737-9970-8E5AD95F833B}.Ad-Hoc|iPhone.ActiveCfg = Release|Any CPU
		{FA780731-A9D4-4737-9970-8E5AD95F833B}.Ad-Hoc|iPhone.Build.0 = Release|Any CPU
		{FA780731-A9D4-4737-9970-8E5AD95F833B}.Ad-Hoc|iPhoneSimulator.ActiveCfg = Release|Any CPU
		{FA780731-A9D4-4737-9970-8E5AD95F833B}.Ad-Hoc|iPhoneSimulator.Build.0 = Release|Any CPU
		{FA780731-A9D4-4737-9970-8E5AD95F833B}.Ad-Hoc|x64.ActiveCfg = Release|Any CPU
		{FA780731-A9D4-4737-9970-8E5AD95F833B}.Ad-Hoc|x64.Build.0 = Release|Any CPU
		{FA780731-A9D4-4737-9970-8E5AD95F833B}.Ad-Hoc|x86.ActiveCfg = Release|Any CPU
		{FA780731-A9D4-4737-9970-8E5AD95F833B}.Ad-Hoc|x86.Build.0 = Release|Any CPU
		{FA780731-A9D4-4737-9970-8E5AD95F833B}.AppStore|Any CPU.ActiveCfg = Release|Any CPU
		{FA780731-A9D4-4737-9970-8E5AD95F833B}.AppStore|Any CPU.Build.0 = Release|Any CPU
		{FA780731-A9D4-4737-9970-8E5AD95F833B}.AppStore|ARM.ActiveCfg = Release|Any CPU
		{FA780731-A9D4-4737-9970-8E5AD95F833B}.AppStore|ARM.Build.0 = Release|Any CPU
		{FA780731-A9D4-4737-9970-8E5AD95F833B}.AppStore|iPhone.ActiveCfg = Release|Any CPU
		{FA780731-A9D4-4737-9970-8E5AD95F833B}.AppStore|iPhone.Build.0 = Release|Any CPU
		{FA780731-A9D4-4737-9970-8E5AD95F833B}.AppStore|iPhoneSimulator.ActiveCfg = Release|Any CPU
		{FA780731-A9D4-4737-9970-8E5AD95F833B}.AppStore|iPhoneSimulator.Build.0 = Release|Any CPU
		{FA780731-A9D4-4737-9970-8E5AD95F833B}.AppStore|x64.ActiveCfg = Release|Any CPU
		{FA780731-A9D4-4737-9970-8E5AD95F833B}.AppStore|x64.Build.0 = Release|Any CPU
		{FA780731-A9D4-4737-9970-8E5AD95F833B}.AppStore|x86.ActiveCfg = Release|Any CPU
		{FA780731-A9D4-4737-9970-8E5AD95F833B}.AppStore|x86.Build.0 = Release|Any CPU
		{FA780731-A9D4-4737-9970-8E5AD95F833B}.Debug|Any CPU.ActiveCfg = Debug|Any CPU
		{FA780731-A9D4-4737-9970-8E5AD95F833B}.Debug|Any CPU.Build.0 = Debug|Any CPU
		{FA780731-A9D4-4737-9970-8E5AD95F833B}.Debug|ARM.ActiveCfg = Debug|Any CPU
		{FA780731-A9D4-4737-9970-8E5AD95F833B}.Debug|ARM.Build.0 = Debug|Any CPU
		{FA780731-A9D4-4737-9970-8E5AD95F833B}.Debug|iPhone.ActiveCfg = Debug|Any CPU
		{FA780731-A9D4-4737-9970-8E5AD95F833B}.Debug|iPhone.Build.0 = Debug|Any CPU
		{FA780731-A9D4-4737-9970-8E5AD95F833B}.Debug|iPhoneSimulator.ActiveCfg = Debug|Any CPU
		{FA780731-A9D4-4737-9970-8E5AD95F833B}.Debug|iPhoneSimulator.Build.0 = Debug|Any CPU
		{FA780731-A9D4-4737-9970-8E5AD95F833B}.Debug|x64.ActiveCfg = Debug|Any CPU
		{FA780731-A9D4-4737-9970-8E5AD95F833B}.Debug|x64.Build.0 = Debug|Any CPU
		{FA780731-A9D4-4737-9970-8E5AD95F833B}.Debug|x86.ActiveCfg = Debug|Any CPU
		{FA780731-A9D4-4737-9970-8E5AD95F833B}.Debug|x86.Build.0 = Debug|Any CPU
		{FA780731-A9D4-4737-9970-8E5AD95F833B}.Release|Any CPU.ActiveCfg = Release|Any CPU
		{FA780731-A9D4-4737-9970-8E5AD95F833B}.Release|Any CPU.Build.0 = Release|Any CPU
		{FA780731-A9D4-4737-9970-8E5AD95F833B}.Release|ARM.ActiveCfg = Release|Any CPU
		{FA780731-A9D4-4737-9970-8E5AD95F833B}.Release|ARM.Build.0 = Release|Any CPU
		{FA780731-A9D4-4737-9970-8E5AD95F833B}.Release|iPhone.ActiveCfg = Release|Any CPU
		{FA780731-A9D4-4737-9970-8E5AD95F833B}.Release|iPhone.Build.0 = Release|Any CPU
		{FA780731-A9D4-4737-9970-8E5AD95F833B}.Release|iPhoneSimulator.ActiveCfg = Release|Any CPU
		{FA780731-A9D4-4737-9970-8E5AD95F833B}.Release|iPhoneSimulator.Build.0 = Release|Any CPU
		{FA780731-A9D4-4737-9970-8E5AD95F833B}.Release|x64.ActiveCfg = Release|Any CPU
		{FA780731-A9D4-4737-9970-8E5AD95F833B}.Release|x64.Build.0 = Release|Any CPU
		{FA780731-A9D4-4737-9970-8E5AD95F833B}.Release|x86.ActiveCfg = Release|Any CPU
		{FA780731-A9D4-4737-9970-8E5AD95F833B}.Release|x86.Build.0 = Release|Any CPU
		{2E8F9DE5-6636-4FAA-BA00-687327892B4C}.Ad-Hoc|Any CPU.ActiveCfg = Release|Any CPU
		{2E8F9DE5-6636-4FAA-BA00-687327892B4C}.Ad-Hoc|Any CPU.Build.0 = Release|Any CPU
		{2E8F9DE5-6636-4FAA-BA00-687327892B4C}.Ad-Hoc|Any CPU.Deploy.0 = Release|Any CPU
		{2E8F9DE5-6636-4FAA-BA00-687327892B4C}.Ad-Hoc|ARM.ActiveCfg = Release|Any CPU
		{2E8F9DE5-6636-4FAA-BA00-687327892B4C}.Ad-Hoc|ARM.Build.0 = Release|Any CPU
		{2E8F9DE5-6636-4FAA-BA00-687327892B4C}.Ad-Hoc|ARM.Deploy.0 = Release|Any CPU
		{2E8F9DE5-6636-4FAA-BA00-687327892B4C}.Ad-Hoc|iPhone.ActiveCfg = Release|Any CPU
		{2E8F9DE5-6636-4FAA-BA00-687327892B4C}.Ad-Hoc|iPhone.Build.0 = Release|Any CPU
		{2E8F9DE5-6636-4FAA-BA00-687327892B4C}.Ad-Hoc|iPhone.Deploy.0 = Release|Any CPU
		{2E8F9DE5-6636-4FAA-BA00-687327892B4C}.Ad-Hoc|iPhoneSimulator.ActiveCfg = Release|Any CPU
		{2E8F9DE5-6636-4FAA-BA00-687327892B4C}.Ad-Hoc|iPhoneSimulator.Build.0 = Release|Any CPU
		{2E8F9DE5-6636-4FAA-BA00-687327892B4C}.Ad-Hoc|iPhoneSimulator.Deploy.0 = Release|Any CPU
		{2E8F9DE5-6636-4FAA-BA00-687327892B4C}.Ad-Hoc|x64.ActiveCfg = Release|Any CPU
		{2E8F9DE5-6636-4FAA-BA00-687327892B4C}.Ad-Hoc|x64.Build.0 = Release|Any CPU
		{2E8F9DE5-6636-4FAA-BA00-687327892B4C}.Ad-Hoc|x64.Deploy.0 = Release|Any CPU
		{2E8F9DE5-6636-4FAA-BA00-687327892B4C}.Ad-Hoc|x86.ActiveCfg = Release|Any CPU
		{2E8F9DE5-6636-4FAA-BA00-687327892B4C}.Ad-Hoc|x86.Build.0 = Release|Any CPU
		{2E8F9DE5-6636-4FAA-BA00-687327892B4C}.Ad-Hoc|x86.Deploy.0 = Release|Any CPU
		{2E8F9DE5-6636-4FAA-BA00-687327892B4C}.AppStore|Any CPU.ActiveCfg = Release|Any CPU
		{2E8F9DE5-6636-4FAA-BA00-687327892B4C}.AppStore|Any CPU.Build.0 = Release|Any CPU
		{2E8F9DE5-6636-4FAA-BA00-687327892B4C}.AppStore|Any CPU.Deploy.0 = Release|Any CPU
		{2E8F9DE5-6636-4FAA-BA00-687327892B4C}.AppStore|ARM.ActiveCfg = Release|Any CPU
		{2E8F9DE5-6636-4FAA-BA00-687327892B4C}.AppStore|ARM.Build.0 = Release|Any CPU
		{2E8F9DE5-6636-4FAA-BA00-687327892B4C}.AppStore|ARM.Deploy.0 = Release|Any CPU
		{2E8F9DE5-6636-4FAA-BA00-687327892B4C}.AppStore|iPhone.ActiveCfg = Release|Any CPU
		{2E8F9DE5-6636-4FAA-BA00-687327892B4C}.AppStore|iPhone.Build.0 = Release|Any CPU
		{2E8F9DE5-6636-4FAA-BA00-687327892B4C}.AppStore|iPhone.Deploy.0 = Release|Any CPU
		{2E8F9DE5-6636-4FAA-BA00-687327892B4C}.AppStore|iPhoneSimulator.ActiveCfg = Release|Any CPU
		{2E8F9DE5-6636-4FAA-BA00-687327892B4C}.AppStore|iPhoneSimulator.Build.0 = Release|Any CPU
		{2E8F9DE5-6636-4FAA-BA00-687327892B4C}.AppStore|iPhoneSimulator.Deploy.0 = Release|Any CPU
		{2E8F9DE5-6636-4FAA-BA00-687327892B4C}.AppStore|x64.ActiveCfg = Release|Any CPU
		{2E8F9DE5-6636-4FAA-BA00-687327892B4C}.AppStore|x64.Build.0 = Release|Any CPU
		{2E8F9DE5-6636-4FAA-BA00-687327892B4C}.AppStore|x64.Deploy.0 = Release|Any CPU
		{2E8F9DE5-6636-4FAA-BA00-687327892B4C}.AppStore|x86.ActiveCfg = Release|Any CPU
		{2E8F9DE5-6636-4FAA-BA00-687327892B4C}.AppStore|x86.Build.0 = Release|Any CPU
		{2E8F9DE5-6636-4FAA-BA00-687327892B4C}.AppStore|x86.Deploy.0 = Release|Any CPU
		{2E8F9DE5-6636-4FAA-BA00-687327892B4C}.Debug|Any CPU.ActiveCfg = Debug|Any CPU
		{2E8F9DE5-6636-4FAA-BA00-687327892B4C}.Debug|Any CPU.Build.0 = Debug|Any CPU
		{2E8F9DE5-6636-4FAA-BA00-687327892B4C}.Debug|Any CPU.Deploy.0 = Debug|Any CPU
		{2E8F9DE5-6636-4FAA-BA00-687327892B4C}.Debug|ARM.ActiveCfg = Debug|Any CPU
		{2E8F9DE5-6636-4FAA-BA00-687327892B4C}.Debug|ARM.Build.0 = Debug|Any CPU
		{2E8F9DE5-6636-4FAA-BA00-687327892B4C}.Debug|ARM.Deploy.0 = Debug|Any CPU
		{2E8F9DE5-6636-4FAA-BA00-687327892B4C}.Debug|iPhone.ActiveCfg = Debug|Any CPU
		{2E8F9DE5-6636-4FAA-BA00-687327892B4C}.Debug|iPhone.Build.0 = Debug|Any CPU
		{2E8F9DE5-6636-4FAA-BA00-687327892B4C}.Debug|iPhone.Deploy.0 = Debug|Any CPU
		{2E8F9DE5-6636-4FAA-BA00-687327892B4C}.Debug|iPhoneSimulator.ActiveCfg = Debug|Any CPU
		{2E8F9DE5-6636-4FAA-BA00-687327892B4C}.Debug|iPhoneSimulator.Build.0 = Debug|Any CPU
		{2E8F9DE5-6636-4FAA-BA00-687327892B4C}.Debug|iPhoneSimulator.Deploy.0 = Debug|Any CPU
		{2E8F9DE5-6636-4FAA-BA00-687327892B4C}.Debug|x64.ActiveCfg = Debug|Any CPU
		{2E8F9DE5-6636-4FAA-BA00-687327892B4C}.Debug|x64.Build.0 = Debug|Any CPU
		{2E8F9DE5-6636-4FAA-BA00-687327892B4C}.Debug|x64.Deploy.0 = Debug|Any CPU
		{2E8F9DE5-6636-4FAA-BA00-687327892B4C}.Debug|x86.ActiveCfg = Debug|Any CPU
		{2E8F9DE5-6636-4FAA-BA00-687327892B4C}.Debug|x86.Build.0 = Debug|Any CPU
		{2E8F9DE5-6636-4FAA-BA00-687327892B4C}.Debug|x86.Deploy.0 = Debug|Any CPU
		{2E8F9DE5-6636-4FAA-BA00-687327892B4C}.Release|Any CPU.ActiveCfg = Release|Any CPU
		{2E8F9DE5-6636-4FAA-BA00-687327892B4C}.Release|Any CPU.Build.0 = Release|Any CPU
		{2E8F9DE5-6636-4FAA-BA00-687327892B4C}.Release|Any CPU.Deploy.0 = Release|Any CPU
		{2E8F9DE5-6636-4FAA-BA00-687327892B4C}.Release|ARM.ActiveCfg = Release|Any CPU
		{2E8F9DE5-6636-4FAA-BA00-687327892B4C}.Release|ARM.Build.0 = Release|Any CPU
		{2E8F9DE5-6636-4FAA-BA00-687327892B4C}.Release|ARM.Deploy.0 = Release|Any CPU
		{2E8F9DE5-6636-4FAA-BA00-687327892B4C}.Release|iPhone.ActiveCfg = Release|Any CPU
		{2E8F9DE5-6636-4FAA-BA00-687327892B4C}.Release|iPhone.Build.0 = Release|Any CPU
		{2E8F9DE5-6636-4FAA-BA00-687327892B4C}.Release|iPhone.Deploy.0 = Release|Any CPU
		{2E8F9DE5-6636-4FAA-BA00-687327892B4C}.Release|iPhoneSimulator.ActiveCfg = Release|Any CPU
		{2E8F9DE5-6636-4FAA-BA00-687327892B4C}.Release|iPhoneSimulator.Build.0 = Release|Any CPU
		{2E8F9DE5-6636-4FAA-BA00-687327892B4C}.Release|iPhoneSimulator.Deploy.0 = Release|Any CPU
		{2E8F9DE5-6636-4FAA-BA00-687327892B4C}.Release|x64.ActiveCfg = Release|Any CPU
		{2E8F9DE5-6636-4FAA-BA00-687327892B4C}.Release|x64.Build.0 = Release|Any CPU
		{2E8F9DE5-6636-4FAA-BA00-687327892B4C}.Release|x64.Deploy.0 = Release|Any CPU
		{2E8F9DE5-6636-4FAA-BA00-687327892B4C}.Release|x86.ActiveCfg = Release|Any CPU
		{2E8F9DE5-6636-4FAA-BA00-687327892B4C}.Release|x86.Build.0 = Release|Any CPU
		{2E8F9DE5-6636-4FAA-BA00-687327892B4C}.Release|x86.Deploy.0 = Release|Any CPU
		{B9B6570A-756F-4880-996F-FAD65D057F71}.Ad-Hoc|Any CPU.ActiveCfg = Ad-Hoc|iPhone
		{B9B6570A-756F-4880-996F-FAD65D057F71}.Ad-Hoc|ARM.ActiveCfg = Ad-Hoc|iPhone
		{B9B6570A-756F-4880-996F-FAD65D057F71}.Ad-Hoc|iPhone.ActiveCfg = Ad-Hoc|iPhone
		{B9B6570A-756F-4880-996F-FAD65D057F71}.Ad-Hoc|iPhone.Build.0 = Ad-Hoc|iPhone
		{B9B6570A-756F-4880-996F-FAD65D057F71}.Ad-Hoc|iPhoneSimulator.ActiveCfg = Ad-Hoc|iPhoneSimulator
		{B9B6570A-756F-4880-996F-FAD65D057F71}.Ad-Hoc|iPhoneSimulator.Build.0 = Ad-Hoc|iPhoneSimulator
		{B9B6570A-756F-4880-996F-FAD65D057F71}.Ad-Hoc|x64.ActiveCfg = Ad-Hoc|iPhone
		{B9B6570A-756F-4880-996F-FAD65D057F71}.Ad-Hoc|x86.ActiveCfg = Ad-Hoc|iPhone
		{B9B6570A-756F-4880-996F-FAD65D057F71}.AppStore|Any CPU.ActiveCfg = AppStore|iPhone
		{B9B6570A-756F-4880-996F-FAD65D057F71}.AppStore|ARM.ActiveCfg = AppStore|iPhone
		{B9B6570A-756F-4880-996F-FAD65D057F71}.AppStore|iPhone.ActiveCfg = AppStore|iPhone
		{B9B6570A-756F-4880-996F-FAD65D057F71}.AppStore|iPhone.Build.0 = AppStore|iPhone
		{B9B6570A-756F-4880-996F-FAD65D057F71}.AppStore|iPhoneSimulator.ActiveCfg = AppStore|iPhoneSimulator
		{B9B6570A-756F-4880-996F-FAD65D057F71}.AppStore|iPhoneSimulator.Build.0 = AppStore|iPhoneSimulator
		{B9B6570A-756F-4880-996F-FAD65D057F71}.AppStore|x64.ActiveCfg = AppStore|iPhone
		{B9B6570A-756F-4880-996F-FAD65D057F71}.AppStore|x86.ActiveCfg = AppStore|iPhone
		{B9B6570A-756F-4880-996F-FAD65D057F71}.Debug|Any CPU.ActiveCfg = Debug|iPhone
		{B9B6570A-756F-4880-996F-FAD65D057F71}.Debug|ARM.ActiveCfg = Debug|iPhone
		{B9B6570A-756F-4880-996F-FAD65D057F71}.Debug|iPhone.ActiveCfg = Debug|iPhone
		{B9B6570A-756F-4880-996F-FAD65D057F71}.Debug|iPhone.Build.0 = Debug|iPhone
		{B9B6570A-756F-4880-996F-FAD65D057F71}.Debug|iPhoneSimulator.ActiveCfg = Debug|iPhoneSimulator
		{B9B6570A-756F-4880-996F-FAD65D057F71}.Debug|iPhoneSimulator.Build.0 = Debug|iPhoneSimulator
		{B9B6570A-756F-4880-996F-FAD65D057F71}.Debug|x64.ActiveCfg = Debug|iPhone
		{B9B6570A-756F-4880-996F-FAD65D057F71}.Debug|x86.ActiveCfg = Debug|iPhone
		{B9B6570A-756F-4880-996F-FAD65D057F71}.Release|Any CPU.ActiveCfg = Release|iPhone
		{B9B6570A-756F-4880-996F-FAD65D057F71}.Release|ARM.ActiveCfg = Release|iPhone
		{B9B6570A-756F-4880-996F-FAD65D057F71}.Release|iPhone.ActiveCfg = Release|iPhone
		{B9B6570A-756F-4880-996F-FAD65D057F71}.Release|iPhone.Build.0 = Release|iPhone
		{B9B6570A-756F-4880-996F-FAD65D057F71}.Release|iPhoneSimulator.ActiveCfg = Release|iPhoneSimulator
		{B9B6570A-756F-4880-996F-FAD65D057F71}.Release|iPhoneSimulator.Build.0 = Release|iPhoneSimulator
		{B9B6570A-756F-4880-996F-FAD65D057F71}.Release|x64.ActiveCfg = Release|iPhone
		{B9B6570A-756F-4880-996F-FAD65D057F71}.Release|x86.ActiveCfg = Release|iPhone
		{18F209D0-0714-4B25-942E-793AB90F33AD}.Ad-Hoc|Any CPU.ActiveCfg = Release|Any CPU
		{18F209D0-0714-4B25-942E-793AB90F33AD}.Ad-Hoc|Any CPU.Build.0 = Release|Any CPU
		{18F209D0-0714-4B25-942E-793AB90F33AD}.Ad-Hoc|ARM.ActiveCfg = Release|Any CPU
		{18F209D0-0714-4B25-942E-793AB90F33AD}.Ad-Hoc|ARM.Build.0 = Release|Any CPU
		{18F209D0-0714-4B25-942E-793AB90F33AD}.Ad-Hoc|iPhone.ActiveCfg = Release|Any CPU
		{18F209D0-0714-4B25-942E-793AB90F33AD}.Ad-Hoc|iPhone.Build.0 = Release|Any CPU
		{18F209D0-0714-4B25-942E-793AB90F33AD}.Ad-Hoc|iPhoneSimulator.ActiveCfg = Release|Any CPU
		{18F209D0-0714-4B25-942E-793AB90F33AD}.Ad-Hoc|iPhoneSimulator.Build.0 = Release|Any CPU
		{18F209D0-0714-4B25-942E-793AB90F33AD}.Ad-Hoc|x64.ActiveCfg = Release|Any CPU
		{18F209D0-0714-4B25-942E-793AB90F33AD}.Ad-Hoc|x64.Build.0 = Release|Any CPU
		{18F209D0-0714-4B25-942E-793AB90F33AD}.Ad-Hoc|x86.ActiveCfg = Release|Any CPU
		{18F209D0-0714-4B25-942E-793AB90F33AD}.Ad-Hoc|x86.Build.0 = Release|Any CPU
		{18F209D0-0714-4B25-942E-793AB90F33AD}.AppStore|Any CPU.ActiveCfg = Release|Any CPU
		{18F209D0-0714-4B25-942E-793AB90F33AD}.AppStore|Any CPU.Build.0 = Release|Any CPU
		{18F209D0-0714-4B25-942E-793AB90F33AD}.AppStore|ARM.ActiveCfg = Release|Any CPU
		{18F209D0-0714-4B25-942E-793AB90F33AD}.AppStore|ARM.Build.0 = Release|Any CPU
		{18F209D0-0714-4B25-942E-793AB90F33AD}.AppStore|iPhone.ActiveCfg = Release|Any CPU
		{18F209D0-0714-4B25-942E-793AB90F33AD}.AppStore|iPhone.Build.0 = Release|Any CPU
		{18F209D0-0714-4B25-942E-793AB90F33AD}.AppStore|iPhoneSimulator.ActiveCfg = Release|Any CPU
		{18F209D0-0714-4B25-942E-793AB90F33AD}.AppStore|iPhoneSimulator.Build.0 = Release|Any CPU
		{18F209D0-0714-4B25-942E-793AB90F33AD}.AppStore|x64.ActiveCfg = Release|Any CPU
		{18F209D0-0714-4B25-942E-793AB90F33AD}.AppStore|x64.Build.0 = Release|Any CPU
		{18F209D0-0714-4B25-942E-793AB90F33AD}.AppStore|x86.ActiveCfg = Release|Any CPU
		{18F209D0-0714-4B25-942E-793AB90F33AD}.AppStore|x86.Build.0 = Release|Any CPU
		{18F209D0-0714-4B25-942E-793AB90F33AD}.Debug|Any CPU.ActiveCfg = Debug|Any CPU
		{18F209D0-0714-4B25-942E-793AB90F33AD}.Debug|Any CPU.Build.0 = Debug|Any CPU
		{18F209D0-0714-4B25-942E-793AB90F33AD}.Debug|ARM.ActiveCfg = Debug|Any CPU
		{18F209D0-0714-4B25-942E-793AB90F33AD}.Debug|ARM.Build.0 = Debug|Any CPU
		{18F209D0-0714-4B25-942E-793AB90F33AD}.Debug|iPhone.ActiveCfg = Debug|Any CPU
		{18F209D0-0714-4B25-942E-793AB90F33AD}.Debug|iPhone.Build.0 = Debug|Any CPU
		{18F209D0-0714-4B25-942E-793AB90F33AD}.Debug|iPhoneSimulator.ActiveCfg = Debug|Any CPU
		{18F209D0-0714-4B25-942E-793AB90F33AD}.Debug|iPhoneSimulator.Build.0 = Debug|Any CPU
		{18F209D0-0714-4B25-942E-793AB90F33AD}.Debug|x64.ActiveCfg = Debug|Any CPU
		{18F209D0-0714-4B25-942E-793AB90F33AD}.Debug|x64.Build.0 = Debug|Any CPU
		{18F209D0-0714-4B25-942E-793AB90F33AD}.Debug|x86.ActiveCfg = Debug|Any CPU
		{18F209D0-0714-4B25-942E-793AB90F33AD}.Debug|x86.Build.0 = Debug|Any CPU
		{18F209D0-0714-4B25-942E-793AB90F33AD}.Release|Any CPU.ActiveCfg = Release|Any CPU
		{18F209D0-0714-4B25-942E-793AB90F33AD}.Release|Any CPU.Build.0 = Release|Any CPU
		{18F209D0-0714-4B25-942E-793AB90F33AD}.Release|ARM.ActiveCfg = Release|Any CPU
		{18F209D0-0714-4B25-942E-793AB90F33AD}.Release|ARM.Build.0 = Release|Any CPU
		{18F209D0-0714-4B25-942E-793AB90F33AD}.Release|iPhone.ActiveCfg = Release|Any CPU
		{18F209D0-0714-4B25-942E-793AB90F33AD}.Release|iPhone.Build.0 = Release|Any CPU
		{18F209D0-0714-4B25-942E-793AB90F33AD}.Release|iPhoneSimulator.ActiveCfg = Release|Any CPU
		{18F209D0-0714-4B25-942E-793AB90F33AD}.Release|iPhoneSimulator.Build.0 = Release|Any CPU
		{18F209D0-0714-4B25-942E-793AB90F33AD}.Release|x64.ActiveCfg = Release|Any CPU
		{18F209D0-0714-4B25-942E-793AB90F33AD}.Release|x64.Build.0 = Release|Any CPU
		{18F209D0-0714-4B25-942E-793AB90F33AD}.Release|x86.ActiveCfg = Release|Any CPU
		{18F209D0-0714-4B25-942E-793AB90F33AD}.Release|x86.Build.0 = Release|Any CPU
		{ED4A9672-4C71-4C9C-A17D-9F4C3144639F}.Ad-Hoc|Any CPU.ActiveCfg = Release|Any CPU
		{ED4A9672-4C71-4C9C-A17D-9F4C3144639F}.Ad-Hoc|Any CPU.Build.0 = Release|Any CPU
		{ED4A9672-4C71-4C9C-A17D-9F4C3144639F}.Ad-Hoc|ARM.ActiveCfg = Release|Any CPU
		{ED4A9672-4C71-4C9C-A17D-9F4C3144639F}.Ad-Hoc|ARM.Build.0 = Release|Any CPU
		{ED4A9672-4C71-4C9C-A17D-9F4C3144639F}.Ad-Hoc|iPhone.ActiveCfg = Release|Any CPU
		{ED4A9672-4C71-4C9C-A17D-9F4C3144639F}.Ad-Hoc|iPhone.Build.0 = Release|Any CPU
		{ED4A9672-4C71-4C9C-A17D-9F4C3144639F}.Ad-Hoc|iPhoneSimulator.ActiveCfg = Release|Any CPU
		{ED4A9672-4C71-4C9C-A17D-9F4C3144639F}.Ad-Hoc|iPhoneSimulator.Build.0 = Release|Any CPU
		{ED4A9672-4C71-4C9C-A17D-9F4C3144639F}.Ad-Hoc|x64.ActiveCfg = Release|Any CPU
		{ED4A9672-4C71-4C9C-A17D-9F4C3144639F}.Ad-Hoc|x64.Build.0 = Release|Any CPU
		{ED4A9672-4C71-4C9C-A17D-9F4C3144639F}.Ad-Hoc|x86.ActiveCfg = Release|Any CPU
		{ED4A9672-4C71-4C9C-A17D-9F4C3144639F}.Ad-Hoc|x86.Build.0 = Release|Any CPU
		{ED4A9672-4C71-4C9C-A17D-9F4C3144639F}.AppStore|Any CPU.ActiveCfg = Release|Any CPU
		{ED4A9672-4C71-4C9C-A17D-9F4C3144639F}.AppStore|Any CPU.Build.0 = Release|Any CPU
		{ED4A9672-4C71-4C9C-A17D-9F4C3144639F}.AppStore|ARM.ActiveCfg = Release|Any CPU
		{ED4A9672-4C71-4C9C-A17D-9F4C3144639F}.AppStore|ARM.Build.0 = Release|Any CPU
		{ED4A9672-4C71-4C9C-A17D-9F4C3144639F}.AppStore|iPhone.ActiveCfg = Release|Any CPU
		{ED4A9672-4C71-4C9C-A17D-9F4C3144639F}.AppStore|iPhone.Build.0 = Release|Any CPU
		{ED4A9672-4C71-4C9C-A17D-9F4C3144639F}.AppStore|iPhoneSimulator.ActiveCfg = Release|Any CPU
		{ED4A9672-4C71-4C9C-A17D-9F4C3144639F}.AppStore|iPhoneSimulator.Build.0 = Release|Any CPU
		{ED4A9672-4C71-4C9C-A17D-9F4C3144639F}.AppStore|x64.ActiveCfg = Release|Any CPU
		{ED4A9672-4C71-4C9C-A17D-9F4C3144639F}.AppStore|x64.Build.0 = Release|Any CPU
		{ED4A9672-4C71-4C9C-A17D-9F4C3144639F}.AppStore|x86.ActiveCfg = Release|Any CPU
		{ED4A9672-4C71-4C9C-A17D-9F4C3144639F}.AppStore|x86.Build.0 = Release|Any CPU
		{ED4A9672-4C71-4C9C-A17D-9F4C3144639F}.Debug|Any CPU.ActiveCfg = Debug|Any CPU
		{ED4A9672-4C71-4C9C-A17D-9F4C3144639F}.Debug|Any CPU.Build.0 = Debug|Any CPU
		{ED4A9672-4C71-4C9C-A17D-9F4C3144639F}.Debug|ARM.ActiveCfg = Debug|Any CPU
		{ED4A9672-4C71-4C9C-A17D-9F4C3144639F}.Debug|ARM.Build.0 = Debug|Any CPU
		{ED4A9672-4C71-4C9C-A17D-9F4C3144639F}.Debug|iPhone.ActiveCfg = Debug|Any CPU
		{ED4A9672-4C71-4C9C-A17D-9F4C3144639F}.Debug|iPhone.Build.0 = Debug|Any CPU
		{ED4A9672-4C71-4C9C-A17D-9F4C3144639F}.Debug|iPhoneSimulator.ActiveCfg = Debug|Any CPU
		{ED4A9672-4C71-4C9C-A17D-9F4C3144639F}.Debug|iPhoneSimulator.Build.0 = Debug|Any CPU
		{ED4A9672-4C71-4C9C-A17D-9F4C3144639F}.Debug|x64.ActiveCfg = Debug|Any CPU
		{ED4A9672-4C71-4C9C-A17D-9F4C3144639F}.Debug|x64.Build.0 = Debug|Any CPU
		{ED4A9672-4C71-4C9C-A17D-9F4C3144639F}.Debug|x86.ActiveCfg = Debug|Any CPU
		{ED4A9672-4C71-4C9C-A17D-9F4C3144639F}.Debug|x86.Build.0 = Debug|Any CPU
		{ED4A9672-4C71-4C9C-A17D-9F4C3144639F}.Release|Any CPU.ActiveCfg = Release|Any CPU
		{ED4A9672-4C71-4C9C-A17D-9F4C3144639F}.Release|Any CPU.Build.0 = Release|Any CPU
		{ED4A9672-4C71-4C9C-A17D-9F4C3144639F}.Release|ARM.ActiveCfg = Release|Any CPU
		{ED4A9672-4C71-4C9C-A17D-9F4C3144639F}.Release|ARM.Build.0 = Release|Any CPU
		{ED4A9672-4C71-4C9C-A17D-9F4C3144639F}.Release|iPhone.ActiveCfg = Release|Any CPU
		{ED4A9672-4C71-4C9C-A17D-9F4C3144639F}.Release|iPhone.Build.0 = Release|Any CPU
		{ED4A9672-4C71-4C9C-A17D-9F4C3144639F}.Release|iPhoneSimulator.ActiveCfg = Release|Any CPU
		{ED4A9672-4C71-4C9C-A17D-9F4C3144639F}.Release|iPhoneSimulator.Build.0 = Release|Any CPU
		{ED4A9672-4C71-4C9C-A17D-9F4C3144639F}.Release|x64.ActiveCfg = Release|Any CPU
		{ED4A9672-4C71-4C9C-A17D-9F4C3144639F}.Release|x64.Build.0 = Release|Any CPU
		{ED4A9672-4C71-4C9C-A17D-9F4C3144639F}.Release|x86.ActiveCfg = Release|Any CPU
		{ED4A9672-4C71-4C9C-A17D-9F4C3144639F}.Release|x86.Build.0 = Release|Any CPU
	EndGlobalSection
	GlobalSection(SolutionProperties) = preSolution
		HideSolutionNode = FALSE
	EndGlobalSection
EndGlobal
